
Microsoft Visual Studio Solution File, Format Version 12.00
# Visual Studio Version 16
VisualStudioVersion = 16.0.31727.386
MinimumVisualStudioVersion = 10.0.40219.1
Project("{FAE04EC0-301F-11D3-BF4B-00C04F79EFBC}") = "Lab3Ex1", "Lab3Ex1\Lab3Ex1.csproj", "{F1524283-FD0C-4762-804F-6DDA258210FE}"
EndProject
Project("{FAE04EC0-301F-11D3-BF4B-00C04F79EFBC}") = "Lab3Ex2", "Lab3Ex2\Lab3Ex2.csproj", "{45D2E2A7-2849-4B41-BA4B-1187E45C94FA}"
EndProject
Global
	GlobalSection(SolutionConfigurationPlatforms) = preSolution
		Debug|Any CPU = Debug|Any CPU
		Release|Any CPU = Release|Any CPU
	EndGlobalSection
	GlobalSection(ProjectConfigurationPlatforms) = postSolution
		{F1524283-FD0C-4762-804F-6DDA258210FE}.Debug|Any CPU.ActiveCfg = Debug|Any CPU
		{F1524283-FD0C-4762-804F-6DDA258210FE}.Debug|Any CPU.Build.0 = Debug|Any CPU
		{F1524283-FD0C-4762-804F-6DDA258210FE}.Release|Any CPU.ActiveCfg = Release|Any CPU
		{F1524283-FD0C-4762-804F-6DDA258210FE}.Release|Any CPU.Build.0 = Release|Any CPU
		{45D2E2A7-2849-4B41-BA4B-1187E45C94FA}.Debug|Any CPU.ActiveCfg = Debug|Any CPU
		{45D2E2A7-2849-4B41-BA4B-1187E45C94FA}.Debug|Any CPU.Build.0 = Debug|Any CPU
		{45D2E2A7-2849-4B41-BA4B-1187E45C94FA}.Release|Any CPU.ActiveCfg = Release|Any CPU
		{45D2E2A7-2849-4B41-BA4B-1187E45C94FA}.Release|Any CPU.Build.0 = Release|Any CPU
	EndGlobalSection
	GlobalSection(SolutionProperties) = preSolution
		HideSolutionNode = FALSE
	EndGlobalSection
	GlobalSection(ExtensibilityGlobals) = postSolution
		SolutionGuid = {F84B1922-6DDC-4DD7-BDFB-C9767E700BEE}
	EndGlobalSection
EndGlobal
